
Microsoft Visual Studio Solution File, Format Version 12.00
# Visual Studio 15
VisualStudioVersion = 15.0.27703.2042
MinimumVisualStudioVersion = 10.0.40219.1
Project("{FAE04EC0-301F-11D3-BF4B-00C04F79EFBC}") = "my_db_example_3", "my_db_example_3\my_db_example_3.csproj", "{D8A8287C-7EE7-4FDB-A98E-737EB96EEA9D}"
EndProject
Global
	GlobalSection(SolutionConfigurationPlatforms) = preSolution
		Debug|Any CPU = Debug|Any CPU
		Release|Any CPU = Release|Any CPU
	EndGlobalSection
	GlobalSection(ProjectConfigurationPlatforms) = postSolution
		{D8A8287C-7EE7-4FDB-A98E-737EB96EEA9D}.Debug|Any CPU.ActiveCfg = Debug|Any CPU
		{D8A8287C-7EE7-4FDB-A98E-737EB96EEA9D}.Debug|Any CPU.Build.0 = Debug|Any CPU
		{D8A8287C-7EE7-4FDB-A98E-737EB96EEA9D}.Release|Any CPU.ActiveCfg = Release|Any CPU
		{D8A8287C-7EE7-4FDB-A98E-737EB96EEA9D}.Release|Any CPU.Build.0 = Release|Any CPU
	EndGlobalSection
	GlobalSection(SolutionProperties) = preSolution
		HideSolutionNode = FALSE
	EndGlobalSection
	GlobalSection(ExtensibilityGlobals) = postSolution
		SolutionGuid = {4265E56F-0FEE-4871-A1E7-4B98700E9F2D}
	EndGlobalSection
EndGlobal
